
Microsoft Visual Studio Solution File, Format Version 12.00
# Visual Studio Version 16
VisualStudioVersion = 16.0.29728.190
MinimumVisualStudioVersion = 10.0.40219.1
Project("{FAE04EC0-301F-11D3-BF4B-00C04F79EFBC}") = "labexercise3", "labexercise3.csproj", "{15FB8436-14AA-4DEC-BFD9-1306C376525E}"
EndProject
Global
	GlobalSection(SolutionConfigurationPlatforms) = preSolution
		Debug|Any CPU = Debug|Any CPU
		Release|Any CPU = Release|Any CPU
	EndGlobalSection
	GlobalSection(ProjectConfigurationPlatforms) = postSolution
		{15FB8436-14AA-4DEC-BFD9-1306C376525E}.Debug|Any CPU.ActiveCfg = Debug|Any CPU
		{15FB8436-14AA-4DEC-BFD9-1306C376525E}.Debug|Any CPU.Build.0 = Debug|Any CPU
		{15FB8436-14AA-4DEC-BFD9-1306C376525E}.Release|Any CPU.ActiveCfg = Release|Any CPU
		{15FB8436-14AA-4DEC-BFD9-1306C376525E}.Release|Any CPU.Build.0 = Release|Any CPU
	EndGlobalSection
	GlobalSection(SolutionProperties) = preSolution
		HideSolutionNode = FALSE
	EndGlobalSection
	GlobalSection(ExtensibilityGlobals) = postSolution
		SolutionGuid = {B8C41EF9-46F7-4D3D-A65B-BB86E23A489A}
	EndGlobalSection
EndGlobal
